
Microsoft Visual Studio Solution File, Format Version 12.00
# Visual Studio Version 17
VisualStudioVersion = 17.4.33213.308
MinimumVisualStudioVersion = 10.0.40219.1
Project("{9A19103F-16F7-4668-BE54-9A1E7A4F7556}") = "N8_Data", "N8_Data\N8_Data.csproj", "{7EBBF4E8-8FF7-465E-99E8-CBD05E7D8D68}"
EndProject
Project("{9A19103F-16F7-4668-BE54-9A1E7A4F7556}") = "N8_UI", "N8_UI\N8_UI.csproj", "{3E0F4D6A-EB38-4A31-B9BA-64E41CA343F1}"
EndProject
Project("{9A19103F-16F7-4668-BE54-9A1E7A4F7556}") = "N8_Services", "N8_Services\N8_Services.csproj", "{49172FF8-DACA-41A0-9FCC-8D575FE7A03C}"
	ProjectSection(ProjectDependencies) = postProject
		{7EBBF4E8-8FF7-465E-99E8-CBD05E7D8D68} = {7EBBF4E8-8FF7-465E-99E8-CBD05E7D8D68}
	EndProjectSection
EndProject
Project("{9A19103F-16F7-4668-BE54-9A1E7A4F7556}") = "N8_Test", "N8_Test\N8_Test.csproj", "{8B60D862-5DB7-4846-9ED5-F903FB72E263}"
EndProject
Global
	GlobalSection(SolutionConfigurationPlatforms) = preSolution
		Debug|Any CPU = Debug|Any CPU
		Release|Any CPU = Release|Any CPU
	EndGlobalSection
	GlobalSection(ProjectConfigurationPlatforms) = postSolution
		{7EBBF4E8-8FF7-465E-99E8-CBD05E7D8D68}.Debug|Any CPU.ActiveCfg = Debug|Any CPU
		{7EBBF4E8-8FF7-465E-99E8-CBD05E7D8D68}.Debug|Any CPU.Build.0 = Debug|Any CPU
		{7EBBF4E8-8FF7-465E-99E8-CBD05E7D8D68}.Release|Any CPU.ActiveCfg = Release|Any CPU
		{7EBBF4E8-8FF7-465E-99E8-CBD05E7D8D68}.Release|Any CPU.Build.0 = Release|Any CPU
		{3E0F4D6A-EB38-4A31-B9BA-64E41CA343F1}.Debug|Any CPU.ActiveCfg = Debug|Any CPU
		{3E0F4D6A-EB38-4A31-B9BA-64E41CA343F1}.Debug|Any CPU.Build.0 = Debug|Any CPU
		{3E0F4D6A-EB38-4A31-B9BA-64E41CA343F1}.Release|Any CPU.ActiveCfg = Release|Any CPU
		{3E0F4D6A-EB38-4A31-B9BA-64E41CA343F1}.Release|Any CPU.Build.0 = Release|Any CPU
		{49172FF8-DACA-41A0-9FCC-8D575FE7A03C}.Debug|Any CPU.ActiveCfg = Debug|Any CPU
		{49172FF8-DACA-41A0-9FCC-8D575FE7A03C}.Debug|Any CPU.Build.0 = Debug|Any CPU
		{49172FF8-DACA-41A0-9FCC-8D575FE7A03C}.Release|Any CPU.ActiveCfg = Release|Any CPU
		{49172FF8-DACA-41A0-9FCC-8D575FE7A03C}.Release|Any CPU.Build.0 = Release|Any CPU
		{8B60D862-5DB7-4846-9ED5-F903FB72E263}.Debug|Any CPU.ActiveCfg = Debug|Any CPU
		{8B60D862-5DB7-4846-9ED5-F903FB72E263}.Debug|Any CPU.Build.0 = Debug|Any CPU
		{8B60D862-5DB7-4846-9ED5-F903FB72E263}.Release|Any CPU.ActiveCfg = Release|Any CPU
		{8B60D862-5DB7-4846-9ED5-F903FB72E263}.Release|Any CPU.Build.0 = Release|Any CPU
	EndGlobalSection
	GlobalSection(SolutionProperties) = preSolution
		HideSolutionNode = FALSE
	EndGlobalSection
	GlobalSection(ExtensibilityGlobals) = postSolution
		SolutionGuid = {1143BBBA-595A-42AA-A451-C71B0FC537F0}
	EndGlobalSection
EndGlobal
